// !$*UTF8*$!
{
	archiveVersion = 1;
	classes = {
	};
	objectVersion = 56;
	objects = {

/* Begin PBXBuildFile section */
		1F0C151C2B70D2EC00CE5303 /* UsersModel.swift in Sources */ = {isa = PBXBuildFile; fileRef = 1F0C151B2B70D2EC00CE5303 /* UsersModel.swift */; };
		1F0C151E2B70D5C600CE5303 /* UsersViewModel.swift in Sources */ = {isa = PBXBuildFile; fileRef = 1F0C151D2B70D5C600CE5303 /* UsersViewModel.swift */; };
		1F0C15202B70EE2700CE5303 /* UsersListRowView.swift in Sources */ = {isa = PBXBuildFile; fileRef = 1F0C151F2B70EE2700CE5303 /* UsersListRowView.swift */; };
		1F0C15222B72158E00CE5303 /* UsersDetailView.swift in Sources */ = {isa = PBXBuildFile; fileRef = 1F0C15212B72158E00CE5303 /* UsersDetailView.swift */; };
		1F0C15242B7216E500CE5303 /* UsersDetailViewModel.swift in Sources */ = {isa = PBXBuildFile; fileRef = 1F0C15232B7216E500CE5303 /* UsersDetailViewModel.swift */; };
		1F0C15262B7218A200CE5303 /* UsersDetailModel.swift in Sources */ = {isa = PBXBuildFile; fileRef = 1F0C15252B7218A200CE5303 /* UsersDetailModel.swift */; };
		1F0C15282B72494800CE5303 /* UserManager.swift in Sources */ = {isa = PBXBuildFile; fileRef = 1F0C15272B72494700CE5303 /* UserManager.swift */; };
		1F0C152A2B72718300CE5303 /* HomeManager.swift in Sources */ = {isa = PBXBuildFile; fileRef = 1F0C15292B72718300CE5303 /* HomeManager.swift */; };
		1F0C152C2B736AAD00CE5303 /* UsersDetailManager.swift in Sources */ = {isa = PBXBuildFile; fileRef = 1F0C152B2B736AAD00CE5303 /* UsersDetailManager.swift */; };
		1F0C152E2B73859E00CE5303 /* AboutUsListRowView.swift in Sources */ = {isa = PBXBuildFile; fileRef = 1F0C152D2B73859E00CE5303 /* AboutUsListRowView.swift */; };
		1F0C15302B74ECCD00CE5303 /* ToDosModel.swift in Sources */ = {isa = PBXBuildFile; fileRef = 1F0C152F2B74ECCD00CE5303 /* ToDosModel.swift */; };
		1F0C15322B74F56100CE5303 /* ToDosViewModel.swift in Sources */ = {isa = PBXBuildFile; fileRef = 1F0C15312B74F56100CE5303 /* ToDosViewModel.swift */; };
		1F0C15342B74F61500CE5303 /* ToDosManager.swift in Sources */ = {isa = PBXBuildFile; fileRef = 1F0C15332B74F61500CE5303 /* ToDosManager.swift */; };
		1F0C15362B75017B00CE5303 /* ToDosListRowView.swift in Sources */ = {isa = PBXBuildFile; fileRef = 1F0C15352B75017B00CE5303 /* ToDosListRowView.swift */; };
		1F1A462A2B580F34005D5350 /* HomeViewModel.swift in Sources */ = {isa = PBXBuildFile; fileRef = 1F1A46292B580F34005D5350 /* HomeViewModel.swift */; };
		1F1A462C2B580FC7005D5350 /* HomeModel.swift in Sources */ = {isa = PBXBuildFile; fileRef = 1F1A462B2B580FC7005D5350 /* HomeModel.swift */; };
		1F2E65DE2B5FBAFE002CE79C /* ToDosView.swift in Sources */ = {isa = PBXBuildFile; fileRef = 1F2E65DD2B5FBAFE002CE79C /* ToDosView.swift */; };
		1F2E65E02B5FC3BD002CE79C /* SideMenuRowView.swift in Sources */ = {isa = PBXBuildFile; fileRef = 1F2E65DF2B5FC3BD002CE79C /* SideMenuRowView.swift */; };
		1F31E2B22B90C216002BCDDA /* IOS_AssignmentTests.swift in Sources */ = {isa = PBXBuildFile; fileRef = 1F31E2B12B90C216002BCDDA /* IOS_AssignmentTests.swift */; };
		1F41C3472B693D8B007FD4EA /* HomeListRowView.swift in Sources */ = {isa = PBXBuildFile; fileRef = 1F41C3462B693D8B007FD4EA /* HomeListRowView.swift */; };
		1F497D6E2B59309C00017514 /* SideMenuRowViewModel.swift in Sources */ = {isa = PBXBuildFile; fileRef = 1F497D6D2B59309C00017514 /* SideMenuRowViewModel.swift */; };
		1F497D702B593A5100017514 /* MainTabView.swift in Sources */ = {isa = PBXBuildFile; fileRef = 1F497D6F2B593A5100017514 /* MainTabView.swift */; };
		1F7E25B02B60FB0B00345841 /* NavigationBarModifier.swift in Sources */ = {isa = PBXBuildFile; fileRef = 1F7E25AF2B60FB0B00345841 /* NavigationBarModifier.swift */; };
		1F7E25B22B61083200345841 /* NetworkingService.swift in Sources */ = {isa = PBXBuildFile; fileRef = 1F7E25B12B61083200345841 /* NetworkingService.swift */; };
		1F7E25B52B611D7B00345841 /* Alamofire in Frameworks */ = {isa = PBXBuildFile; productRef = 1F7E25B42B611D7B00345841 /* Alamofire */; };
		1F874CF52B84F2FE00406CE3 /* UserToDosManager.swift in Sources */ = {isa = PBXBuildFile; fileRef = 1F874CF42B84F2FE00406CE3 /* UserToDosManager.swift */; };
		1F874CF72B84F31400406CE3 /* UserToDosViewModel.swift in Sources */ = {isa = PBXBuildFile; fileRef = 1F874CF62B84F31400406CE3 /* UserToDosViewModel.swift */; };
		1FA418432B9B2984001113BE /* SignUpViewModel.swift in Sources */ = {isa = PBXBuildFile; fileRef = 1FA418422B9B2984001113BE /* SignUpViewModel.swift */; };
		1FA418452B9B603D001113BE /* SignUpView.swift in Sources */ = {isa = PBXBuildFile; fileRef = 1FA418442B9B603D001113BE /* SignUpView.swift */; };
		1FAC8D9D2B7A008A00C94302 /* ToDoListRowViewModel.swift in Sources */ = {isa = PBXBuildFile; fileRef = 1FAC8D9C2B7A008A00C94302 /* ToDoListRowViewModel.swift */; };
		1FAC8D9F2B7A204E00C94302 /* UserPostsView.swift in Sources */ = {isa = PBXBuildFile; fileRef = 1FAC8D9E2B7A204E00C94302 /* UserPostsView.swift */; };
		1FAC8DA22B7A2BCC00C94302 /* UserPostsManager.swift in Sources */ = {isa = PBXBuildFile; fileRef = 1FAC8DA12B7A2BCC00C94302 /* UserPostsManager.swift */; };
		1FAC8DA42B7A2CBD00C94302 /* UserPostsViewModel.swift in Sources */ = {isa = PBXBuildFile; fileRef = 1FAC8DA32B7A2CBD00C94302 /* UserPostsViewModel.swift */; };
		1FAC8DA62B7A337C00C94302 /* UserPostsListRowView.swift in Sources */ = {isa = PBXBuildFile; fileRef = 1FAC8DA52B7A337C00C94302 /* UserPostsListRowView.swift */; };
		1FAC8DA82B7A489F00C94302 /* UserPostsModel.swift in Sources */ = {isa = PBXBuildFile; fileRef = 1FAC8DA72B7A489F00C94302 /* UserPostsModel.swift */; };
		1FAC8DAA2B7B7FAD00C94302 /* Router.swift in Sources */ = {isa = PBXBuildFile; fileRef = 1FAC8DA92B7B7FAD00C94302 /* Router.swift */; };
		1FB142572B8778D000F0E563 /* UserToDosView.swift in Sources */ = {isa = PBXBuildFile; fileRef = 1FB142562B8778D000F0E563 /* UserToDosView.swift */; };
		1FB142592B88B95A00F0E563 /* UserCommentsModel.swift in Sources */ = {isa = PBXBuildFile; fileRef = 1FB142582B88B95A00F0E563 /* UserCommentsModel.swift */; };
		1FB1425B2B88BDE200F0E563 /* UserCommentsManager.swift in Sources */ = {isa = PBXBuildFile; fileRef = 1FB1425A2B88BDE200F0E563 /* UserCommentsManager.swift */; };
		1FB1425F2B88BE0E00F0E563 /* UserCommentsViewModel.swift in Sources */ = {isa = PBXBuildFile; fileRef = 1FB1425E2B88BE0E00F0E563 /* UserCommentsViewModel.swift */; };
		1FB142612B88C31500F0E563 /* UserCommentsRowView.swift in Sources */ = {isa = PBXBuildFile; fileRef = 1FB142602B88C31500F0E563 /* UserCommentsRowView.swift */; };
		1FB142632B88C33E00F0E563 /* UserCommentsView.swift in Sources */ = {isa = PBXBuildFile; fileRef = 1FB142622B88C33E00F0E563 /* UserCommentsView.swift */; };
		1FB142662B8E20D100F0E563 /* CustomCircleView.swift in Sources */ = {isa = PBXBuildFile; fileRef = 1FB142652B8E20D100F0E563 /* CustomCircleView.swift */; };
		1FD1D1892B56F5EB0038A73C /* IOS_AssignmentApp.swift in Sources */ = {isa = PBXBuildFile; fileRef = 1FD1D1882B56F5EB0038A73C /* IOS_AssignmentApp.swift */; };
		1FD1D18D2B56F5ED0038A73C /* Assets.xcassets in Resources */ = {isa = PBXBuildFile; fileRef = 1FD1D18C2B56F5ED0038A73C /* Assets.xcassets */; };
		1FD1D1902B56F5ED0038A73C /* Preview Assets.xcassets in Resources */ = {isa = PBXBuildFile; fileRef = 1FD1D18F2B56F5ED0038A73C /* Preview Assets.xcassets */; };
		1FD1D1A52B57E6FC0038A73C /* SideMenuView.swift in Sources */ = {isa = PBXBuildFile; fileRef = 1FD1D1A42B57E6FC0038A73C /* SideMenuView.swift */; };
		1FE70C412B5FA84200E5BDBD /* SideMenuButtonView.swift in Sources */ = {isa = PBXBuildFile; fileRef = 1FE70C402B5FA84200E5BDBD /* SideMenuButtonView.swift */; };
		1FE70C492B5FA96600E5BDBD /* HomeView.swift in Sources */ = {isa = PBXBuildFile; fileRef = 1FE70C482B5FA96600E5BDBD /* HomeView.swift */; };
		1FE70C4B2B5FA9BE00E5BDBD /* AboutUsView.swift in Sources */ = {isa = PBXBuildFile; fileRef = 1FE70C4A2B5FA9BE00E5BDBD /* AboutUsView.swift */; };
		1FE70C4D2B5FABE500E5BDBD /* UsersView.swift in Sources */ = {isa = PBXBuildFile; fileRef = 1FE70C4C2B5FABE500E5BDBD /* UsersView.swift */; };
/* End PBXBuildFile section */

/* Begin PBXContainerItemProxy section */
		1F31E2B32B90C216002BCDDA /* PBXContainerItemProxy */ = {
			isa = PBXContainerItemProxy;
			containerPortal = 1FD1D17D2B56F5EB0038A73C /* Project object */;
			proxyType = 1;
			remoteGlobalIDString = 1FD1D1842B56F5EB0038A73C;
			remoteInfo = "IOS Assignment";
		};
/* End PBXContainerItemProxy section */

/* Begin PBXFileReference section */
		1F0C151B2B70D2EC00CE5303 /* UsersModel.swift */ = {isa = PBXFileReference; lastKnownFileType = sourcecode.swift; path = UsersModel.swift; sourceTree = "<group>"; };
		1F0C151D2B70D5C600CE5303 /* UsersViewModel.swift */ = {isa = PBXFileReference; lastKnownFileType = sourcecode.swift; path = UsersViewModel.swift; sourceTree = "<group>"; };
		1F0C151F2B70EE2700CE5303 /* UsersListRowView.swift */ = {isa = PBXFileReference; lastKnownFileType = sourcecode.swift; path = UsersListRowView.swift; sourceTree = "<group>"; };
		1F0C15212B72158E00CE5303 /* UsersDetailView.swift */ = {isa = PBXFileReference; lastKnownFileType = sourcecode.swift; path = UsersDetailView.swift; sourceTree = "<group>"; };
		1F0C15232B7216E500CE5303 /* UsersDetailViewModel.swift */ = {isa = PBXFileReference; lastKnownFileType = sourcecode.swift; path = UsersDetailViewModel.swift; sourceTree = "<group>"; };
		1F0C15252B7218A200CE5303 /* UsersDetailModel.swift */ = {isa = PBXFileReference; lastKnownFileType = sourcecode.swift; path = UsersDetailModel.swift; sourceTree = "<group>"; };
		1F0C15272B72494700CE5303 /* UserManager.swift */ = {isa = PBXFileReference; lastKnownFileType = sourcecode.swift; path = UserManager.swift; sourceTree = "<group>"; };
		1F0C15292B72718300CE5303 /* HomeManager.swift */ = {isa = PBXFileReference; lastKnownFileType = sourcecode.swift; path = HomeManager.swift; sourceTree = "<group>"; };
		1F0C152B2B736AAD00CE5303 /* UsersDetailManager.swift */ = {isa = PBXFileReference; lastKnownFileType = sourcecode.swift; path = UsersDetailManager.swift; sourceTree = "<group>"; };
		1F0C152D2B73859E00CE5303 /* AboutUsListRowView.swift */ = {isa = PBXFileReference; lastKnownFileType = sourcecode.swift; path = AboutUsListRowView.swift; sourceTree = "<group>"; };
		1F0C152F2B74ECCD00CE5303 /* ToDosModel.swift */ = {isa = PBXFileReference; lastKnownFileType = sourcecode.swift; path = ToDosModel.swift; sourceTree = "<group>"; };
		1F0C15312B74F56100CE5303 /* ToDosViewModel.swift */ = {isa = PBXFileReference; lastKnownFileType = sourcecode.swift; path = ToDosViewModel.swift; sourceTree = "<group>"; };
		1F0C15332B74F61500CE5303 /* ToDosManager.swift */ = {isa = PBXFileReference; lastKnownFileType = sourcecode.swift; path = ToDosManager.swift; sourceTree = "<group>"; };
		1F0C15352B75017B00CE5303 /* ToDosListRowView.swift */ = {isa = PBXFileReference; lastKnownFileType = sourcecode.swift; path = ToDosListRowView.swift; sourceTree = "<group>"; };
		1F1A46292B580F34005D5350 /* HomeViewModel.swift */ = {isa = PBXFileReference; lastKnownFileType = sourcecode.swift; path = HomeViewModel.swift; sourceTree = "<group>"; };
		1F1A462B2B580FC7005D5350 /* HomeModel.swift */ = {isa = PBXFileReference; lastKnownFileType = sourcecode.swift; path = HomeModel.swift; sourceTree = "<group>"; };
		1F2E65DD2B5FBAFE002CE79C /* ToDosView.swift */ = {isa = PBXFileReference; lastKnownFileType = sourcecode.swift; path = ToDosView.swift; sourceTree = "<group>"; };
		1F2E65DF2B5FC3BD002CE79C /* SideMenuRowView.swift */ = {isa = PBXFileReference; lastKnownFileType = sourcecode.swift; path = SideMenuRowView.swift; sourceTree = "<group>"; };
		1F31E2AF2B90C216002BCDDA /* IOS AssignmentTests.xctest */ = {isa = PBXFileReference; explicitFileType = wrapper.cfbundle; includeInIndex = 0; path = "IOS AssignmentTests.xctest"; sourceTree = BUILT_PRODUCTS_DIR; };
		1F31E2B12B90C216002BCDDA /* IOS_AssignmentTests.swift */ = {isa = PBXFileReference; lastKnownFileType = sourcecode.swift; path = IOS_AssignmentTests.swift; sourceTree = "<group>"; };
		1F41C3462B693D8B007FD4EA /* HomeListRowView.swift */ = {isa = PBXFileReference; lastKnownFileType = sourcecode.swift; path = HomeListRowView.swift; sourceTree = "<group>"; };
		1F497D6D2B59309C00017514 /* SideMenuRowViewModel.swift */ = {isa = PBXFileReference; lastKnownFileType = sourcecode.swift; path = SideMenuRowViewModel.swift; sourceTree = "<group>"; };
		1F497D6F2B593A5100017514 /* MainTabView.swift */ = {isa = PBXFileReference; lastKnownFileType = sourcecode.swift; path = MainTabView.swift; sourceTree = "<group>"; };
		1F7E25AF2B60FB0B00345841 /* NavigationBarModifier.swift */ = {isa = PBXFileReference; lastKnownFileType = sourcecode.swift; path = NavigationBarModifier.swift; sourceTree = "<group>"; };
		1F7E25B12B61083200345841 /* NetworkingService.swift */ = {isa = PBXFileReference; lastKnownFileType = sourcecode.swift; path = NetworkingService.swift; sourceTree = "<group>"; };
		1F874CF42B84F2FE00406CE3 /* UserToDosManager.swift */ = {isa = PBXFileReference; lastKnownFileType = sourcecode.swift; path = UserToDosManager.swift; sourceTree = "<group>"; };
		1F874CF62B84F31400406CE3 /* UserToDosViewModel.swift */ = {isa = PBXFileReference; lastKnownFileType = sourcecode.swift; path = UserToDosViewModel.swift; sourceTree = "<group>"; };
		1FA418422B9B2984001113BE /* SignUpViewModel.swift */ = {isa = PBXFileReference; lastKnownFileType = sourcecode.swift; path = SignUpViewModel.swift; sourceTree = "<group>"; };
		1FA418442B9B603D001113BE /* SignUpView.swift */ = {isa = PBXFileReference; lastKnownFileType = sourcecode.swift; path = SignUpView.swift; sourceTree = "<group>"; };
		1FAC8D9C2B7A008A00C94302 /* ToDoListRowViewModel.swift */ = {isa = PBXFileReference; lastKnownFileType = sourcecode.swift; path = ToDoListRowViewModel.swift; sourceTree = "<group>"; };
		1FAC8D9E2B7A204E00C94302 /* UserPostsView.swift */ = {isa = PBXFileReference; lastKnownFileType = sourcecode.swift; path = UserPostsView.swift; sourceTree = "<group>"; };
		1FAC8DA12B7A2BCC00C94302 /* UserPostsManager.swift */ = {isa = PBXFileReference; lastKnownFileType = sourcecode.swift; path = UserPostsManager.swift; sourceTree = "<group>"; };
		1FAC8DA32B7A2CBD00C94302 /* UserPostsViewModel.swift */ = {isa = PBXFileReference; lastKnownFileType = sourcecode.swift; path = UserPostsViewModel.swift; sourceTree = "<group>"; };
		1FAC8DA52B7A337C00C94302 /* UserPostsListRowView.swift */ = {isa = PBXFileReference; lastKnownFileType = sourcecode.swift; path = UserPostsListRowView.swift; sourceTree = "<group>"; };
		1FAC8DA72B7A489F00C94302 /* UserPostsModel.swift */ = {isa = PBXFileReference; lastKnownFileType = sourcecode.swift; path = UserPostsModel.swift; sourceTree = "<group>"; };
		1FAC8DA92B7B7FAD00C94302 /* Router.swift */ = {isa = PBXFileReference; lastKnownFileType = sourcecode.swift; path = Router.swift; sourceTree = "<group>"; };
		1FB142562B8778D000F0E563 /* UserToDosView.swift */ = {isa = PBXFileReference; lastKnownFileType = sourcecode.swift; path = UserToDosView.swift; sourceTree = "<group>"; };
		1FB142582B88B95A00F0E563 /* UserCommentsModel.swift */ = {isa = PBXFileReference; lastKnownFileType = sourcecode.swift; path = UserCommentsModel.swift; sourceTree = "<group>"; };
		1FB1425A2B88BDE200F0E563 /* UserCommentsManager.swift */ = {isa = PBXFileReference; lastKnownFileType = sourcecode.swift; path = UserCommentsManager.swift; sourceTree = "<group>"; };
		1FB1425E2B88BE0E00F0E563 /* UserCommentsViewModel.swift */ = {isa = PBXFileReference; lastKnownFileType = sourcecode.swift; path = UserCommentsViewModel.swift; sourceTree = "<group>"; };
		1FB142602B88C31500F0E563 /* UserCommentsRowView.swift */ = {isa = PBXFileReference; lastKnownFileType = sourcecode.swift; path = UserCommentsRowView.swift; sourceTree = "<group>"; };
		1FB142622B88C33E00F0E563 /* UserCommentsView.swift */ = {isa = PBXFileReference; lastKnownFileType = sourcecode.swift; path = UserCommentsView.swift; sourceTree = "<group>"; };
		1FB142652B8E20D100F0E563 /* CustomCircleView.swift */ = {isa = PBXFileReference; lastKnownFileType = sourcecode.swift; path = CustomCircleView.swift; sourceTree = "<group>"; };
		1FD1D1852B56F5EB0038A73C /* IOS Assignment.app */ = {isa = PBXFileReference; explicitFileType = wrapper.application; includeInIndex = 0; path = "IOS Assignment.app"; sourceTree = BUILT_PRODUCTS_DIR; };
		1FD1D1882B56F5EB0038A73C /* IOS_AssignmentApp.swift */ = {isa = PBXFileReference; lastKnownFileType = sourcecode.swift; path = IOS_AssignmentApp.swift; sourceTree = "<group>"; };
		1FD1D18C2B56F5ED0038A73C /* Assets.xcassets */ = {isa = PBXFileReference; lastKnownFileType = folder.assetcatalog; path = Assets.xcassets; sourceTree = "<group>"; };
		1FD1D18F2B56F5ED0038A73C /* Preview Assets.xcassets */ = {isa = PBXFileReference; lastKnownFileType = folder.assetcatalog; path = "Preview Assets.xcassets"; sourceTree = "<group>"; };
		1FD1D1A42B57E6FC0038A73C /* SideMenuView.swift */ = {isa = PBXFileReference; lastKnownFileType = sourcecode.swift; path = SideMenuView.swift; sourceTree = "<group>"; };
		1FE70C402B5FA84200E5BDBD /* SideMenuButtonView.swift */ = {isa = PBXFileReference; fileEncoding = 4; lastKnownFileType = sourcecode.swift; path = SideMenuButtonView.swift; sourceTree = "<group>"; };
		1FE70C482B5FA96600E5BDBD /* HomeView.swift */ = {isa = PBXFileReference; lastKnownFileType = sourcecode.swift; path = HomeView.swift; sourceTree = "<group>"; };
		1FE70C4A2B5FA9BE00E5BDBD /* AboutUsView.swift */ = {isa = PBXFileReference; lastKnownFileType = sourcecode.swift; path = AboutUsView.swift; sourceTree = "<group>"; };
		1FE70C4C2B5FABE500E5BDBD /* UsersView.swift */ = {isa = PBXFileReference; lastKnownFileType = sourcecode.swift; path = UsersView.swift; sourceTree = "<group>"; };
/* End PBXFileReference section */

/* Begin PBXFrameworksBuildPhase section */
		1F31E2AC2B90C216002BCDDA /* Frameworks */ = {
			isa = PBXFrameworksBuildPhase;
			buildActionMask = 2147483647;
			files = (
			);
			runOnlyForDeploymentPostprocessing = 0;
		};
		1FD1D1822B56F5EB0038A73C /* Frameworks */ = {
			isa = PBXFrameworksBuildPhase;
			buildActionMask = 2147483647;
			files = (
				1F7E25B52B611D7B00345841 /* Alamofire in Frameworks */,
			);
			runOnlyForDeploymentPostprocessing = 0;
		};
/* End PBXFrameworksBuildPhase section */

/* Begin PBXGroup section */
		1F31E2B02B90C216002BCDDA /* IOS AssignmentTests */ = {
			isa = PBXGroup;
			children = (
				1F31E2B12B90C216002BCDDA /* IOS_AssignmentTests.swift */,
			);
			path = "IOS AssignmentTests";
			sourceTree = "<group>";
		};
		1FB142642B8DC17C00F0E563 /* SubViews */ = {
			isa = PBXGroup;
			children = (
				1F41C3462B693D8B007FD4EA /* HomeListRowView.swift */,
				1F0C151F2B70EE2700CE5303 /* UsersListRowView.swift */,
				1F0C152D2B73859E00CE5303 /* AboutUsListRowView.swift */,
				1F0C15352B75017B00CE5303 /* ToDosListRowView.swift */,
				1F2E65DF2B5FC3BD002CE79C /* SideMenuRowView.swift */,
				1FE70C402B5FA84200E5BDBD /* SideMenuButtonView.swift */,
				1FAC8DA52B7A337C00C94302 /* UserPostsListRowView.swift */,
				1FB142602B88C31500F0E563 /* UserCommentsRowView.swift */,
				1FB142652B8E20D100F0E563 /* CustomCircleView.swift */,
			);
			path = SubViews;
			sourceTree = "<group>";
		};
		1FD1D17C2B56F5EB0038A73C = {
			isa = PBXGroup;
			children = (
				1FD1D1872B56F5EB0038A73C /* IOS Assignment */,
				1F31E2B02B90C216002BCDDA /* IOS AssignmentTests */,
				1FD1D1862B56F5EB0038A73C /* Products */,
			);
			sourceTree = "<group>";
		};
		1FD1D1862B56F5EB0038A73C /* Products */ = {
			isa = PBXGroup;
			children = (
				1FD1D1852B56F5EB0038A73C /* IOS Assignment.app */,
				1F31E2AF2B90C216002BCDDA /* IOS AssignmentTests.xctest */,
			);
			name = Products;
			sourceTree = "<group>";
		};
		1FD1D1872B56F5EB0038A73C /* IOS Assignment */ = {
			isa = PBXGroup;
			children = (
				1FD1D19A2B57C6710038A73C /* Models */,
				1FD1D1992B57C64C0038A73C /* Main Views */,
				1FD1D1A92B58098D0038A73C /* Views */,
				1FB142642B8DC17C00F0E563 /* SubViews */,
				1FD1D19B2B57C6830038A73C /* ViewModels */,
				1FD1D1A62B5804700038A73C /* Modifiers */,
				1FD1D1882B56F5EB0038A73C /* IOS_AssignmentApp.swift */,
				1F497D6F2B593A5100017514 /* MainTabView.swift */,
				1FAC8DA92B7B7FAD00C94302 /* Router.swift */,
				1FD1D18C2B56F5ED0038A73C /* Assets.xcassets */,
				1FD1D18E2B56F5ED0038A73C /* Preview Content */,
			);
			path = "IOS Assignment";
			sourceTree = "<group>";
		};
		1FD1D18E2B56F5ED0038A73C /* Preview Content */ = {
			isa = PBXGroup;
			children = (
				1FD1D18F2B56F5ED0038A73C /* Preview Assets.xcassets */,
			);
			path = "Preview Content";
			sourceTree = "<group>";
		};
		1FD1D1992B57C64C0038A73C /* Main Views */ = {
			isa = PBXGroup;
			children = (
				1FE70C482B5FA96600E5BDBD /* HomeView.swift */,
				1FE70C4C2B5FABE500E5BDBD /* UsersView.swift */,
				1F2E65DD2B5FBAFE002CE79C /* ToDosView.swift */,
				1FE70C4A2B5FA9BE00E5BDBD /* AboutUsView.swift */,
			);
			path = "Main Views";
			sourceTree = "<group>";
		};
		1FD1D19A2B57C6710038A73C /* Models */ = {
			isa = PBXGroup;
			children = (
				1F1A462B2B580FC7005D5350 /* HomeModel.swift */,
				1F0C151B2B70D2EC00CE5303 /* UsersModel.swift */,
				1F0C15252B7218A200CE5303 /* UsersDetailModel.swift */,
				1F0C152F2B74ECCD00CE5303 /* ToDosModel.swift */,
				1FAC8DA72B7A489F00C94302 /* UserPostsModel.swift */,
				1FB142582B88B95A00F0E563 /* UserCommentsModel.swift */,
			);
			path = Models;
			sourceTree = "<group>";
		};
		1FD1D19B2B57C6830038A73C /* ViewModels */ = {
			isa = PBXGroup;
			children = (
				1F1A46292B580F34005D5350 /* HomeViewModel.swift */,
				1F0C15292B72718300CE5303 /* HomeManager.swift */,
				1F0C151D2B70D5C600CE5303 /* UsersViewModel.swift */,
				1F0C15272B72494700CE5303 /* UserManager.swift */,
				1F0C15312B74F56100CE5303 /* ToDosViewModel.swift */,
				1F0C15332B74F61500CE5303 /* ToDosManager.swift */,
				1F0C15232B7216E500CE5303 /* UsersDetailViewModel.swift */,
				1F0C152B2B736AAD00CE5303 /* UsersDetailManager.swift */,
				1F7E25B12B61083200345841 /* NetworkingService.swift */,
				1F497D6D2B59309C00017514 /* SideMenuRowViewModel.swift */,
				1FAC8D9C2B7A008A00C94302 /* ToDoListRowViewModel.swift */,
				1FAC8DA32B7A2CBD00C94302 /* UserPostsViewModel.swift */,
				1FAC8DA12B7A2BCC00C94302 /* UserPostsManager.swift */,
				1F874CF62B84F31400406CE3 /* UserToDosViewModel.swift */,
				1F874CF42B84F2FE00406CE3 /* UserToDosManager.swift */,
				1FB1425E2B88BE0E00F0E563 /* UserCommentsViewModel.swift */,
				1FB1425A2B88BDE200F0E563 /* UserCommentsManager.swift */,
				1FA418422B9B2984001113BE /* SignUpViewModel.swift */,
			);
			path = ViewModels;
			sourceTree = "<group>";
		};
		1FD1D1A62B5804700038A73C /* Modifiers */ = {
			isa = PBXGroup;
			children = (
				1F7E25AF2B60FB0B00345841 /* NavigationBarModifier.swift */,
			);
			path = Modifiers;
			sourceTree = "<group>";
		};
		1FD1D1A92B58098D0038A73C /* Views */ = {
			isa = PBXGroup;
			children = (
				1F0C15212B72158E00CE5303 /* UsersDetailView.swift */,
				1FD1D1A42B57E6FC0038A73C /* SideMenuView.swift */,
				1FAC8D9E2B7A204E00C94302 /* UserPostsView.swift */,
				1FB142562B8778D000F0E563 /* UserToDosView.swift */,
				1FB142622B88C33E00F0E563 /* UserCommentsView.swift */,
				1FA418442B9B603D001113BE /* SignUpView.swift */,
			);
			path = Views;
			sourceTree = "<group>";
		};
/* End PBXGroup section */

/* Begin PBXNativeTarget section */
		1F31E2AE2B90C216002BCDDA /* IOS AssignmentTests */ = {
			isa = PBXNativeTarget;
			buildConfigurationList = 1F31E2B72B90C216002BCDDA /* Build configuration list for PBXNativeTarget "IOS AssignmentTests" */;
			buildPhases = (
				1F31E2AB2B90C216002BCDDA /* Sources */,
				1F31E2AC2B90C216002BCDDA /* Frameworks */,
				1F31E2AD2B90C216002BCDDA /* Resources */,
			);
			buildRules = (
			);
			dependencies = (
				1F31E2B42B90C216002BCDDA /* PBXTargetDependency */,
			);
			name = "IOS AssignmentTests";
			productName = "IOS AssignmentTests";
			productReference = 1F31E2AF2B90C216002BCDDA /* IOS AssignmentTests.xctest */;
			productType = "com.apple.product-type.bundle.unit-test";
		};
		1FD1D1842B56F5EB0038A73C /* IOS Assignment */ = {
			isa = PBXNativeTarget;
			buildConfigurationList = 1FD1D1932B56F5ED0038A73C /* Build configuration list for PBXNativeTarget "IOS Assignment" */;
			buildPhases = (
				1FD1D1812B56F5EB0038A73C /* Sources */,
				1FD1D1822B56F5EB0038A73C /* Frameworks */,
				1FD1D1832B56F5EB0038A73C /* Resources */,
			);
			buildRules = (
			);
			dependencies = (
			);
			name = "IOS Assignment";
			packageProductDependencies = (
				1F7E25B42B611D7B00345841 /* Alamofire */,
			);
			productName = "IOS Assignment";
			productReference = 1FD1D1852B56F5EB0038A73C /* IOS Assignment.app */;
			productType = "com.apple.product-type.application";
		};
/* End PBXNativeTarget section */

/* Begin PBXProject section */
		1FD1D17D2B56F5EB0038A73C /* Project object */ = {
			isa = PBXProject;
			attributes = {
				BuildIndependentTargetsInParallel = 1;
				LastSwiftUpdateCheck = 1500;
				LastUpgradeCheck = 1500;
				TargetAttributes = {
					1F31E2AE2B90C216002BCDDA = {
						CreatedOnToolsVersion = 15.0.1;
						TestTargetID = 1FD1D1842B56F5EB0038A73C;
					};
					1FD1D1842B56F5EB0038A73C = {
						CreatedOnToolsVersion = 15.0.1;
					};
				};
			};
			buildConfigurationList = 1FD1D1802B56F5EB0038A73C /* Build configuration list for PBXProject "IOS Assignment" */;
			compatibilityVersion = "Xcode 14.0";
			developmentRegion = en;
			hasScannedForEncodings = 0;
			knownRegions = (
				en,
				Base,
			);
			mainGroup = 1FD1D17C2B56F5EB0038A73C;
			packageReferences = (
				1F7E25B32B611D7B00345841 /* XCRemoteSwiftPackageReference "Alamofire" */,
			);
			productRefGroup = 1FD1D1862B56F5EB0038A73C /* Products */;
			projectDirPath = "";
			projectRoot = "";
			targets = (
				1FD1D1842B56F5EB0038A73C /* IOS Assignment */,
				1F31E2AE2B90C216002BCDDA /* IOS AssignmentTests */,
			);
		};
/* End PBXProject section */

/* Begin PBXResourcesBuildPhase section */
		1F31E2AD2B90C216002BCDDA /* Resources */ = {
			isa = PBXResourcesBuildPhase;
			buildActionMask = 2147483647;
			files = (
			);
			runOnlyForDeploymentPostprocessing = 0;
		};
		1FD1D1832B56F5EB0038A73C /* Resources */ = {
			isa = PBXResourcesBuildPhase;
			buildActionMask = 2147483647;
			files = (
				1FD1D1902B56F5ED0038A73C /* Preview Assets.xcassets in Resources */,
				1FD1D18D2B56F5ED0038A73C /* Assets.xcassets in Resources */,
			);
			runOnlyForDeploymentPostprocessing = 0;
		};
/* End PBXResourcesBuildPhase section */

/* Begin PBXSourcesBuildPhase section */
		1F31E2AB2B90C216002BCDDA /* Sources */ = {
			isa = PBXSourcesBuildPhase;
			buildActionMask = 2147483647;
			files = (
				1F31E2B22B90C216002BCDDA /* IOS_AssignmentTests.swift in Sources */,
			);
			runOnlyForDeploymentPostprocessing = 0;
		};
		1FD1D1812B56F5EB0038A73C /* Sources */ = {
			isa = PBXSourcesBuildPhase;
			buildActionMask = 2147483647;
			files = (
				1FAC8DA82B7A489F00C94302 /* UserPostsModel.swift in Sources */,
				1F1A462C2B580FC7005D5350 /* HomeModel.swift in Sources */,
				1F0C15362B75017B00CE5303 /* ToDosListRowView.swift in Sources */,
				1FAC8DA62B7A337C00C94302 /* UserPostsListRowView.swift in Sources */,
				1FAC8DAA2B7B7FAD00C94302 /* Router.swift in Sources */,
				1F0C15302B74ECCD00CE5303 /* ToDosModel.swift in Sources */,
				1FD1D1892B56F5EB0038A73C /* IOS_AssignmentApp.swift in Sources */,
				1FAC8DA22B7A2BCC00C94302 /* UserPostsManager.swift in Sources */,
				1FB142592B88B95A00F0E563 /* UserCommentsModel.swift in Sources */,
				1F1A462A2B580F34005D5350 /* HomeViewModel.swift in Sources */,
				1F0C15262B7218A200CE5303 /* UsersDetailModel.swift in Sources */,
				1F0C152E2B73859E00CE5303 /* AboutUsListRowView.swift in Sources */,
				1F0C15322B74F56100CE5303 /* ToDosViewModel.swift in Sources */,
				1FD1D1A52B57E6FC0038A73C /* SideMenuView.swift in Sources */,
				1F874CF52B84F2FE00406CE3 /* UserToDosManager.swift in Sources */,
				1F2E65E02B5FC3BD002CE79C /* SideMenuRowView.swift in Sources */,
				1F41C3472B693D8B007FD4EA /* HomeListRowView.swift in Sources */,
				1F7E25B22B61083200345841 /* NetworkingService.swift in Sources */,
				1F0C15222B72158E00CE5303 /* UsersDetailView.swift in Sources */,
				1FAC8DA42B7A2CBD00C94302 /* UserPostsViewModel.swift in Sources */,
				1FB142662B8E20D100F0E563 /* CustomCircleView.swift in Sources */,
				1F497D6E2B59309C00017514 /* SideMenuRowViewModel.swift in Sources */,
				1F0C151E2B70D5C600CE5303 /* UsersViewModel.swift in Sources */,
				1FE70C492B5FA96600E5BDBD /* HomeView.swift in Sources */,
				1FB1425F2B88BE0E00F0E563 /* UserCommentsViewModel.swift in Sources */,
				1FE70C4D2B5FABE500E5BDBD /* UsersView.swift in Sources */,
				1FE70C412B5FA84200E5BDBD /* SideMenuButtonView.swift in Sources */,
				1FE70C4B2B5FA9BE00E5BDBD /* AboutUsView.swift in Sources */,
				1F0C15242B7216E500CE5303 /* UsersDetailViewModel.swift in Sources */,
				1F2E65DE2B5FBAFE002CE79C /* ToDosView.swift in Sources */,
				1FAC8D9F2B7A204E00C94302 /* UserPostsView.swift in Sources */,
				1F497D702B593A5100017514 /* MainTabView.swift in Sources */,
				1FB142572B8778D000F0E563 /* UserToDosView.swift in Sources */,
				1F0C15342B74F61500CE5303 /* ToDosManager.swift in Sources */,
				1FB142632B88C33E00F0E563 /* UserCommentsView.swift in Sources */,
				1F0C152A2B72718300CE5303 /* HomeManager.swift in Sources */,
				1FA418432B9B2984001113BE /* SignUpViewModel.swift in Sources */,
				1F0C151C2B70D2EC00CE5303 /* UsersModel.swift in Sources */,
				1FB142612B88C31500F0E563 /* UserCommentsRowView.swift in Sources */,
				1F0C15202B70EE2700CE5303 /* UsersListRowView.swift in Sources */,
				1FA418452B9B603D001113BE /* SignUpView.swift in Sources */,
				1F874CF72B84F31400406CE3 /* UserToDosViewModel.swift in Sources */,
				1FB1425B2B88BDE200F0E563 /* UserCommentsManager.swift in Sources */,
				1F0C15282B72494800CE5303 /* UserManager.swift in Sources */,
				1F7E25B02B60FB0B00345841 /* NavigationBarModifier.swift in Sources */,
				1F0C152C2B736AAD00CE5303 /* UsersDetailManager.swift in Sources */,
				1FAC8D9D2B7A008A00C94302 /* ToDoListRowViewModel.swift in Sources */,
			);
			runOnlyForDeploymentPostprocessing = 0;
		};
/* End PBXSourcesBuildPhase section */

/* Begin PBXTargetDependency section */
		1F31E2B42B90C216002BCDDA /* PBXTargetDependency */ = {
			isa = PBXTargetDependency;
			target = 1FD1D1842B56F5EB0038A73C /* IOS Assignment */;
			targetProxy = 1F31E2B32B90C216002BCDDA /* PBXContainerItemProxy */;
		};
/* End PBXTargetDependency section */

/* Begin XCBuildConfiguration section */
		1F31E2B52B90C216002BCDDA /* Debug */ = {
			isa = XCBuildConfiguration;
			buildSettings = {
				BUNDLE_LOADER = "$(TEST_HOST)";
				CODE_SIGN_STYLE = Automatic;
				CURRENT_PROJECT_VERSION = 1;
				GENERATE_INFOPLIST_FILE = YES;
				MARKETING_VERSION = 1.0;
				PRODUCT_BUNDLE_IDENTIFIER = "com.vsoronia.IOS-AssignmentTests";
				PRODUCT_NAME = "$(TARGET_NAME)";
				SWIFT_EMIT_LOC_STRINGS = NO;
				SWIFT_VERSION = 5.0;
				TARGETED_DEVICE_FAMILY = "1,2";
				TEST_HOST = "$(BUILT_PRODUCTS_DIR)/IOS Assignment.app/$(BUNDLE_EXECUTABLE_FOLDER_PATH)/IOS Assignment";
			};
			name = Debug;
		};
		1F31E2B62B90C216002BCDDA /* Release */ = {
			isa = XCBuildConfiguration;
			buildSettings = {
				BUNDLE_LOADER = "$(TEST_HOST)";
				CODE_SIGN_STYLE = Automatic;
				CURRENT_PROJECT_VERSION = 1;
				GENERATE_INFOPLIST_FILE = YES;
				MARKETING_VERSION = 1.0;
				PRODUCT_BUNDLE_IDENTIFIER = "com.vsoronia.IOS-AssignmentTests";
				PRODUCT_NAME = "$(TARGET_NAME)";
				SWIFT_EMIT_LOC_STRINGS = NO;
				SWIFT_VERSION = 5.0;
				TARGETED_DEVICE_FAMILY = "1,2";
				TEST_HOST = "$(BUILT_PRODUCTS_DIR)/IOS Assignment.app/$(BUNDLE_EXECUTABLE_FOLDER_PATH)/IOS Assignment";
			};
			name = Release;
		};
		1FD1D1912B56F5ED0038A73C /* Debug */ = {
			isa = XCBuildConfiguration;
			buildSettings = {
				ALWAYS_SEARCH_USER_PATHS = NO;
				ASSETCATALOG_COMPILER_GENERATE_SWIFT_ASSET_SYMBOL_EXTENSIONS = YES;
				CLANG_ANALYZER_NONNULL = YES;
				CLANG_ANALYZER_NUMBER_OBJECT_CONVERSION = YES_AGGRESSIVE;
				CLANG_CXX_LANGUAGE_STANDARD = "gnu++20";
				CLANG_ENABLE_MODULES = YES;
				CLANG_ENABLE_OBJC_ARC = YES;
				CLANG_ENABLE_OBJC_WEAK = YES;
				CLANG_WARN_BLOCK_CAPTURE_AUTORELEASING = YES;
				CLANG_WARN_BOOL_CONVERSION = YES;
				CLANG_WARN_COMMA = YES;
				CLANG_WARN_CONSTANT_CONVERSION = YES;
				CLANG_WARN_DEPRECATED_OBJC_IMPLEMENTATIONS = YES;
				CLANG_WARN_DIRECT_OBJC_ISA_USAGE = YES_ERROR;
				CLANG_WARN_DOCUMENTATION_COMMENTS = YES;
				CLANG_WARN_EMPTY_BODY = YES;
				CLANG_WARN_ENUM_CONVERSION = YES;
				CLANG_WARN_INFINITE_RECURSION = YES;
				CLANG_WARN_INT_CONVERSION = YES;
				CLANG_WARN_NON_LITERAL_NULL_CONVERSION = YES;
				CLANG_WARN_OBJC_IMPLICIT_RETAIN_SELF = YES;
				CLANG_WARN_OBJC_LITERAL_CONVERSION = YES;
				CLANG_WARN_OBJC_ROOT_CLASS = YES_ERROR;
				CLANG_WARN_QUOTED_INCLUDE_IN_FRAMEWORK_HEADER = YES;
				CLANG_WARN_RANGE_LOOP_ANALYSIS = YES;
				CLANG_WARN_STRICT_PROTOTYPES = YES;
				CLANG_WARN_SUSPICIOUS_MOVE = YES;
				CLANG_WARN_UNGUARDED_AVAILABILITY = YES_AGGRESSIVE;
				CLANG_WARN_UNREACHABLE_CODE = YES;
				CLANG_WARN__DUPLICATE_METHOD_MATCH = YES;
				COPY_PHASE_STRIP = NO;
				DEBUG_INFORMATION_FORMAT = dwarf;
				ENABLE_STRICT_OBJC_MSGSEND = YES;
				ENABLE_TESTABILITY = YES;
				ENABLE_USER_SCRIPT_SANDBOXING = YES;
				GCC_C_LANGUAGE_STANDARD = gnu17;
				GCC_DYNAMIC_NO_PIC = NO;
				GCC_NO_COMMON_BLOCKS = YES;
				GCC_OPTIMIZATION_LEVEL = 0;
				GCC_PREPROCESSOR_DEFINITIONS = (
					"DEBUG=1",
					"$(inherited)",
				);
				GCC_WARN_64_TO_32_BIT_CONVERSION = YES;
				GCC_WARN_ABOUT_RETURN_TYPE = YES_ERROR;
				GCC_WARN_UNDECLARED_SELECTOR = YES;
				GCC_WARN_UNINITIALIZED_AUTOS = YES_AGGRESSIVE;
				GCC_WARN_UNUSED_FUNCTION = YES;
				GCC_WARN_UNUSED_VARIABLE = YES;
				IPHONEOS_DEPLOYMENT_TARGET = 17.0;
				LOCALIZATION_PREFERS_STRING_CATALOGS = YES;
				MTL_ENABLE_DEBUG_INFO = INCLUDE_SOURCE;
				MTL_FAST_MATH = YES;
				ONLY_ACTIVE_ARCH = YES;
				SDKROOT = iphoneos;
				SWIFT_ACTIVE_COMPILATION_CONDITIONS = "DEBUG $(inherited)";
				SWIFT_OPTIMIZATION_LEVEL = "-Onone";
			};
			name = Debug;
		};
		1FD1D1922B56F5ED0038A73C /* Release */ = {
			isa = XCBuildConfiguration;
			buildSettings = {
				ALWAYS_SEARCH_USER_PATHS = NO;
				ASSETCATALOG_COMPILER_GENERATE_SWIFT_ASSET_SYMBOL_EXTENSIONS = YES;
				CLANG_ANALYZER_NONNULL = YES;
				CLANG_ANALYZER_NUMBER_OBJECT_CONVERSION = YES_AGGRESSIVE;
				CLANG_CXX_LANGUAGE_STANDARD = "gnu++20";
				CLANG_ENABLE_MODULES = YES;
				CLANG_ENABLE_OBJC_ARC = YES;
				CLANG_ENABLE_OBJC_WEAK = YES;
				CLANG_WARN_BLOCK_CAPTURE_AUTORELEASING = YES;
				CLANG_WARN_BOOL_CONVERSION = YES;
				CLANG_WARN_COMMA = YES;
				CLANG_WARN_CONSTANT_CONVERSION = YES;
				CLANG_WARN_DEPRECATED_OBJC_IMPLEMENTATIONS = YES;
				CLANG_WARN_DIRECT_OBJC_ISA_USAGE = YES_ERROR;
				CLANG_WARN_DOCUMENTATION_COMMENTS = YES;
				CLANG_WARN_EMPTY_BODY = YES;
				CLANG_WARN_ENUM_CONVERSION = YES;
				CLANG_WARN_INFINITE_RECURSION = YES;
				CLANG_WARN_INT_CONVERSION = YES;
				CLANG_WARN_NON_LITERAL_NULL_CONVERSION = YES;
				CLANG_WARN_OBJC_IMPLICIT_RETAIN_SELF = YES;
				CLANG_WARN_OBJC_LITERAL_CONVERSION = YES;
				CLANG_WARN_OBJC_ROOT_CLASS = YES_ERROR;
				CLANG_WARN_QUOTED_INCLUDE_IN_FRAMEWORK_HEADER = YES;
				CLANG_WARN_RANGE_LOOP_ANALYSIS = YES;
				CLANG_WARN_STRICT_PROTOTYPES = YES;
				CLANG_WARN_SUSPICIOUS_MOVE = YES;
				CLANG_WARN_UNGUARDED_AVAILABILITY = YES_AGGRESSIVE;
				CLANG_WARN_UNREACHABLE_CODE = YES;
				CLANG_WARN__DUPLICATE_METHOD_MATCH = YES;
				COPY_PHASE_STRIP = NO;
				DEBUG_INFORMATION_FORMAT = "dwarf-with-dsym";
				ENABLE_NS_ASSERTIONS = NO;
				ENABLE_STRICT_OBJC_MSGSEND = YES;
				ENABLE_USER_SCRIPT_SANDBOXING = YES;
				GCC_C_LANGUAGE_STANDARD = gnu17;
				GCC_NO_COMMON_BLOCKS = YES;
				GCC_WARN_64_TO_32_BIT_CONVERSION = YES;
				GCC_WARN_ABOUT_RETURN_TYPE = YES_ERROR;
				GCC_WARN_UNDECLARED_SELECTOR = YES;
				GCC_WARN_UNINITIALIZED_AUTOS = YES_AGGRESSIVE;
				GCC_WARN_UNUSED_FUNCTION = YES;
				GCC_WARN_UNUSED_VARIABLE = YES;
				IPHONEOS_DEPLOYMENT_TARGET = 17.0;
				LOCALIZATION_PREFERS_STRING_CATALOGS = YES;
				MTL_ENABLE_DEBUG_INFO = NO;
				MTL_FAST_MATH = YES;
				SDKROOT = iphoneos;
				SWIFT_COMPILATION_MODE = wholemodule;
				VALIDATE_PRODUCT = YES;
			};
			name = Release;
		};
		1FD1D1942B56F5ED0038A73C /* Debug */ = {
			isa = XCBuildConfiguration;
			buildSettings = {
				ASSETCATALOG_COMPILER_APPICON_NAME = AppIcon;
				ASSETCATALOG_COMPILER_GLOBAL_ACCENT_COLOR_NAME = AccentColor;
				CODE_SIGN_STYLE = Automatic;
				CURRENT_PROJECT_VERSION = 1;
				DEVELOPMENT_ASSET_PATHS = "\"IOS Assignment/Preview Content\"";
				ENABLE_PREVIEWS = YES;
				GENERATE_INFOPLIST_FILE = YES;
				INFOPLIST_KEY_UIApplicationSceneManifest_Generation = YES;
				INFOPLIST_KEY_UIApplicationSupportsIndirectInputEvents = YES;
				INFOPLIST_KEY_UILaunchScreen_Generation = YES;
				INFOPLIST_KEY_UISupportedInterfaceOrientations_iPad = "UIInterfaceOrientationPortrait UIInterfaceOrientationPortraitUpsideDown UIInterfaceOrientationLandscapeLeft UIInterfaceOrientationLandscapeRight";
				INFOPLIST_KEY_UISupportedInterfaceOrientations_iPhone = "UIInterfaceOrientationPortrait UIInterfaceOrientationLandscapeLeft UIInterfaceOrientationLandscapeRight";
				LD_RUNPATH_SEARCH_PATHS = (
					"$(inherited)",
					"@executable_path/Frameworks",
				);
				MARKETING_VERSION = 1.0;
				PRODUCT_BUNDLE_IDENTIFIER = "com.vsoronia.IOS-Assignment";
				PRODUCT_NAME = "$(TARGET_NAME)";
				SWIFT_EMIT_LOC_STRINGS = YES;
				SWIFT_VERSION = 5.0;
				TARGETED_DEVICE_FAMILY = "1,2";
			};
			name = Debug;
		};
		1FD1D1952B56F5ED0038A73C /* Release */ = {
			isa = XCBuildConfiguration;
			buildSettings = {
				ASSETCATALOG_COMPILER_APPICON_NAME = AppIcon;
				ASSETCATALOG_COMPILER_GLOBAL_ACCENT_COLOR_NAME = AccentColor;
				CODE_SIGN_STYLE = Automatic;
				CURRENT_PROJECT_VERSION = 1;
				DEVELOPMENT_ASSET_PATHS = "\"IOS Assignment/Preview Content\"";
				ENABLE_PREVIEWS = YES;
				GENERATE_INFOPLIST_FILE = YES;
				INFOPLIST_KEY_UIApplicationSceneManifest_Generation = YES;
				INFOPLIST_KEY_UIApplicationSupportsIndirectInputEvents = YES;
				INFOPLIST_KEY_UILaunchScreen_Generation = YES;
				INFOPLIST_KEY_UISupportedInterfaceOrientations_iPad = "UIInterfaceOrientationPortrait UIInterfaceOrientationPortraitUpsideDown UIInterfaceOrientationLandscapeLeft UIInterfaceOrientationLandscapeRight";
				INFOPLIST_KEY_UISupportedInterfaceOrientations_iPhone = "UIInterfaceOrientationPortrait UIInterfaceOrientationLandscapeLeft UIInterfaceOrientationLandscapeRight";
				LD_RUNPATH_SEARCH_PATHS = (
					"$(inherited)",
					"@executable_path/Frameworks",
				);
				MARKETING_VERSION = 1.0;
				PRODUCT_BUNDLE_IDENTIFIER = "com.vsoronia.IOS-Assignment";
				PRODUCT_NAME = "$(TARGET_NAME)";
				SWIFT_EMIT_LOC_STRINGS = YES;
				SWIFT_VERSION = 5.0;
				TARGETED_DEVICE_FAMILY = "1,2";
			};
			name = Release;
		};
/* End XCBuildConfiguration section */

/* Begin XCConfigurationList section */
		1F31E2B72B90C216002BCDDA /* Build configuration list for PBXNativeTarget "IOS AssignmentTests" */ = {
			isa = XCConfigurationList;
			buildConfigurations = (
				1F31E2B52B90C216002BCDDA /* Debug */,
				1F31E2B62B90C216002BCDDA /* Release */,
			);
			defaultConfigurationIsVisible = 0;
			defaultConfigurationName = Release;
		};
		1FD1D1802B56F5EB0038A73C /* Build configuration list for PBXProject "IOS Assignment" */ = {
			isa = XCConfigurationList;
			buildConfigurations = (
				1FD1D1912B56F5ED0038A73C /* Debug */,
				1FD1D1922B56F5ED0038A73C /* Release */,
			);
			defaultConfigurationIsVisible = 0;
			defaultConfigurationName = Release;
		};
		1FD1D1932B56F5ED0038A73C /* Build configuration list for PBXNativeTarget "IOS Assignment" */ = {
			isa = XCConfigurationList;
			buildConfigurations = (
				1FD1D1942B56F5ED0038A73C /* Debug */,
				1FD1D1952B56F5ED0038A73C /* Release */,
			);
			defaultConfigurationIsVisible = 0;
			defaultConfigurationName = Release;
		};
/* End XCConfigurationList section */

/* Begin XCRemoteSwiftPackageReference section */
		1F7E25B32B611D7B00345841 /* XCRemoteSwiftPackageReference "Alamofire" */ = {
			isa = XCRemoteSwiftPackageReference;
			repositoryURL = "https://github.com/Alamofire/Alamofire.git";
			requirement = {
				kind = upToNextMajorVersion;
				minimumVersion = 5.8.1;
			};
		};
/* End XCRemoteSwiftPackageReference section */

/* Begin XCSwiftPackageProductDependency section */
		1F7E25B42B611D7B00345841 /* Alamofire */ = {
			isa = XCSwiftPackageProductDependency;
			package = 1F7E25B32B611D7B00345841 /* XCRemoteSwiftPackageReference "Alamofire" */;
			productName = Alamofire;
		};
/* End XCSwiftPackageProductDependency section */
	};
	rootObject = 1FD1D17D2B56F5EB0038A73C /* Project object */;
}
